
Microsoft Visual Studio Solution File, Format Version 12.00
# Visual Studio Version 17
VisualStudioVersion = 17.0.31912.275
MinimumVisualStudioVersion = 10.0.40219.1
Project("{9A19103F-16F7-4668-BE54-9A1E7A4F7556}") = "01-SonarSweep", "1-SonarSweep\01-SonarSweep.csproj", "{278772F8-5080-47F4-8BAD-9155362A2CC7}"
EndProject
Project("{9A19103F-16F7-4668-BE54-9A1E7A4F7556}") = "02-Dive", "2-Dive\02-Dive.csproj", "{7709B884-A7A6-461F-96BE-068FAF1375EF}"
EndProject
Project("{2150E333-8FDC-42A3-9474-1A3956D46DE8}") = "Solution Items", "Solution Items", "{C7505A90-7DD4-46A0-9B30-B98E008B8B22}"
	ProjectSection(SolutionItems) = preProject
		README.md = README.md
	EndProjectSection
EndProject
Global
	GlobalSection(SolutionConfigurationPlatforms) = preSolution
		Debug|Any CPU = Debug|Any CPU
		Release|Any CPU = Release|Any CPU
	EndGlobalSection
	GlobalSection(ProjectConfigurationPlatforms) = postSolution
		{278772F8-5080-47F4-8BAD-9155362A2CC7}.Debug|Any CPU.ActiveCfg = Debug|Any CPU
		{278772F8-5080-47F4-8BAD-9155362A2CC7}.Debug|Any CPU.Build.0 = Debug|Any CPU
		{278772F8-5080-47F4-8BAD-9155362A2CC7}.Release|Any CPU.ActiveCfg = Release|Any CPU
		{278772F8-5080-47F4-8BAD-9155362A2CC7}.Release|Any CPU.Build.0 = Release|Any CPU
		{7709B884-A7A6-461F-96BE-068FAF1375EF}.Debug|Any CPU.ActiveCfg = Debug|Any CPU
		{7709B884-A7A6-461F-96BE-068FAF1375EF}.Debug|Any CPU.Build.0 = Debug|Any CPU
		{7709B884-A7A6-461F-96BE-068FAF1375EF}.Release|Any CPU.ActiveCfg = Release|Any CPU
		{7709B884-A7A6-461F-96BE-068FAF1375EF}.Release|Any CPU.Build.0 = Release|Any CPU
	EndGlobalSection
	GlobalSection(SolutionProperties) = preSolution
		HideSolutionNode = FALSE
	EndGlobalSection
	GlobalSection(ExtensibilityGlobals) = postSolution
		SolutionGuid = {BDFDED5A-6927-4876-A8A5-1E8928A0E826}
	EndGlobalSection
EndGlobal
