
Microsoft Visual Studio Solution File, Format Version 12.00
# Visual Studio Version 17
VisualStudioVersion = 17.0.31912.275
MinimumVisualStudioVersion = 10.0.40219.1
Project("{9A19103F-16F7-4668-BE54-9A1E7A4F7556}") = "01-SonarSweep", "1-SonarSweep\01-SonarSweep.csproj", "{278772F8-5080-47F4-8BAD-9155362A2CC7}"
EndProject
Project("{9A19103F-16F7-4668-BE54-9A1E7A4F7556}") = "02-Dive", "2-Dive\02-Dive.csproj", "{7709B884-A7A6-461F-96BE-068FAF1375EF}"
EndProject
Project("{2150E333-8FDC-42A3-9474-1A3956D46DE8}") = "Solution Items", "Solution Items", "{C7505A90-7DD4-46A0-9B30-B98E008B8B22}"
	ProjectSection(SolutionItems) = preProject
		README.md = README.md
	EndProjectSection
EndProject
Project("{9A19103F-16F7-4668-BE54-9A1E7A4F7556}") = "03-BinaryDiagnostic", "03-BinaryDiagnostic\03-BinaryDiagnostic.csproj", "{157F87AC-A3EA-4A4F-8F7A-3AC09157E1DC}"
EndProject
Project("{9A19103F-16F7-4668-BE54-9A1E7A4F7556}") = "04-Squid", "04-Squid\04-Squid.csproj", "{5274C916-F68A-49B2-8B62-1EB952793B00}"
EndProject
Project("{9A19103F-16F7-4668-BE54-9A1E7A4F7556}") = "05-Venture", "05-Venture\05-Venture.csproj", "{1AC14888-204E-4BD7-8673-3CBA3DFCBE14}"
EndProject
Project("{9A19103F-16F7-4668-BE54-9A1E7A4F7556}") = "06-Lanternfish", "06-Lanternfish\06-Lanternfish.csproj", "{C9C27683-F58F-40D7-B00E-3DBD72F64E6B}"
EndProject
Project("{9A19103F-16F7-4668-BE54-9A1E7A4F7556}") = "07-Whale", "07-Whale\07-Whale.csproj", "{273F8E0D-FE57-4E15-A2E4-405FBAD02D44}"
EndProject
Project("{9A19103F-16F7-4668-BE54-9A1E7A4F7556}") = "08-SevenSegment", "08-SevenSegment\08-SevenSegment.csproj", "{9D27D02C-BB6C-43C6-9C35-0498358FE4C2}"
EndProject
Project("{9A19103F-16F7-4668-BE54-9A1E7A4F7556}") = "09-SmokeBasin", "09-SmokeBasin\09-SmokeBasin.csproj", "{A8F382D5-6FCC-45D1-A581-0D6C2630BD3F}"
EndProject
Project("{9A19103F-16F7-4668-BE54-9A1E7A4F7556}") = "10-Syntax", "10-Syntax\10-Syntax.csproj", "{AF9F49D0-DF8A-487E-A064-CC0CFE50A46E}"
EndProject
Project("{FAE04EC0-301F-11D3-BF4B-00C04F79EFBC}") = "11-DumboOctopus", "11-DumboOctopus\11-DumboOctopus.csproj", "{953141A5-B4B2-4265-81CF-8D54C572F626}"
EndProject
Global
	GlobalSection(SolutionConfigurationPlatforms) = preSolution
		Debug|Any CPU = Debug|Any CPU
		Release|Any CPU = Release|Any CPU
	EndGlobalSection
	GlobalSection(ProjectConfigurationPlatforms) = postSolution
		{278772F8-5080-47F4-8BAD-9155362A2CC7}.Debug|Any CPU.ActiveCfg = Debug|Any CPU
		{278772F8-5080-47F4-8BAD-9155362A2CC7}.Debug|Any CPU.Build.0 = Debug|Any CPU
		{278772F8-5080-47F4-8BAD-9155362A2CC7}.Release|Any CPU.ActiveCfg = Release|Any CPU
		{278772F8-5080-47F4-8BAD-9155362A2CC7}.Release|Any CPU.Build.0 = Release|Any CPU
		{7709B884-A7A6-461F-96BE-068FAF1375EF}.Debug|Any CPU.ActiveCfg = Debug|Any CPU
		{7709B884-A7A6-461F-96BE-068FAF1375EF}.Debug|Any CPU.Build.0 = Debug|Any CPU
		{7709B884-A7A6-461F-96BE-068FAF1375EF}.Release|Any CPU.ActiveCfg = Release|Any CPU
		{7709B884-A7A6-461F-96BE-068FAF1375EF}.Release|Any CPU.Build.0 = Release|Any CPU
		{157F87AC-A3EA-4A4F-8F7A-3AC09157E1DC}.Debug|Any CPU.ActiveCfg = Debug|Any CPU
		{157F87AC-A3EA-4A4F-8F7A-3AC09157E1DC}.Debug|Any CPU.Build.0 = Debug|Any CPU
		{157F87AC-A3EA-4A4F-8F7A-3AC09157E1DC}.Release|Any CPU.ActiveCfg = Release|Any CPU
		{157F87AC-A3EA-4A4F-8F7A-3AC09157E1DC}.Release|Any CPU.Build.0 = Release|Any CPU
		{5274C916-F68A-49B2-8B62-1EB952793B00}.Debug|Any CPU.ActiveCfg = Debug|Any CPU
		{5274C916-F68A-49B2-8B62-1EB952793B00}.Debug|Any CPU.Build.0 = Debug|Any CPU
		{5274C916-F68A-49B2-8B62-1EB952793B00}.Release|Any CPU.ActiveCfg = Release|Any CPU
		{5274C916-F68A-49B2-8B62-1EB952793B00}.Release|Any CPU.Build.0 = Release|Any CPU
		{1AC14888-204E-4BD7-8673-3CBA3DFCBE14}.Debug|Any CPU.ActiveCfg = Debug|Any CPU
		{1AC14888-204E-4BD7-8673-3CBA3DFCBE14}.Debug|Any CPU.Build.0 = Debug|Any CPU
		{1AC14888-204E-4BD7-8673-3CBA3DFCBE14}.Release|Any CPU.ActiveCfg = Release|Any CPU
		{1AC14888-204E-4BD7-8673-3CBA3DFCBE14}.Release|Any CPU.Build.0 = Release|Any CPU
		{C9C27683-F58F-40D7-B00E-3DBD72F64E6B}.Debug|Any CPU.ActiveCfg = Debug|Any CPU
		{C9C27683-F58F-40D7-B00E-3DBD72F64E6B}.Debug|Any CPU.Build.0 = Debug|Any CPU
		{C9C27683-F58F-40D7-B00E-3DBD72F64E6B}.Release|Any CPU.ActiveCfg = Release|Any CPU
		{C9C27683-F58F-40D7-B00E-3DBD72F64E6B}.Release|Any CPU.Build.0 = Release|Any CPU
		{273F8E0D-FE57-4E15-A2E4-405FBAD02D44}.Debug|Any CPU.ActiveCfg = Debug|Any CPU
		{273F8E0D-FE57-4E15-A2E4-405FBAD02D44}.Debug|Any CPU.Build.0 = Debug|Any CPU
		{273F8E0D-FE57-4E15-A2E4-405FBAD02D44}.Release|Any CPU.ActiveCfg = Release|Any CPU
		{273F8E0D-FE57-4E15-A2E4-405FBAD02D44}.Release|Any CPU.Build.0 = Release|Any CPU
		{9D27D02C-BB6C-43C6-9C35-0498358FE4C2}.Debug|Any CPU.ActiveCfg = Debug|Any CPU
		{9D27D02C-BB6C-43C6-9C35-0498358FE4C2}.Debug|Any CPU.Build.0 = Debug|Any CPU
		{9D27D02C-BB6C-43C6-9C35-0498358FE4C2}.Release|Any CPU.ActiveCfg = Release|Any CPU
		{9D27D02C-BB6C-43C6-9C35-0498358FE4C2}.Release|Any CPU.Build.0 = Release|Any CPU
		{A8F382D5-6FCC-45D1-A581-0D6C2630BD3F}.Debug|Any CPU.ActiveCfg = Debug|Any CPU
		{A8F382D5-6FCC-45D1-A581-0D6C2630BD3F}.Debug|Any CPU.Build.0 = Debug|Any CPU
		{A8F382D5-6FCC-45D1-A581-0D6C2630BD3F}.Release|Any CPU.ActiveCfg = Release|Any CPU
		{A8F382D5-6FCC-45D1-A581-0D6C2630BD3F}.Release|Any CPU.Build.0 = Release|Any CPU
		{AF9F49D0-DF8A-487E-A064-CC0CFE50A46E}.Debug|Any CPU.ActiveCfg = Debug|Any CPU
		{AF9F49D0-DF8A-487E-A064-CC0CFE50A46E}.Debug|Any CPU.Build.0 = Debug|Any CPU
		{AF9F49D0-DF8A-487E-A064-CC0CFE50A46E}.Release|Any CPU.ActiveCfg = Release|Any CPU
		{AF9F49D0-DF8A-487E-A064-CC0CFE50A46E}.Release|Any CPU.Build.0 = Release|Any CPU
		{953141A5-B4B2-4265-81CF-8D54C572F626}.Debug|Any CPU.ActiveCfg = Debug|Any CPU
		{953141A5-B4B2-4265-81CF-8D54C572F626}.Debug|Any CPU.Build.0 = Debug|Any CPU
		{953141A5-B4B2-4265-81CF-8D54C572F626}.Release|Any CPU.ActiveCfg = Release|Any CPU
		{953141A5-B4B2-4265-81CF-8D54C572F626}.Release|Any CPU.Build.0 = Release|Any CPU
	EndGlobalSection
	GlobalSection(SolutionProperties) = preSolution
		HideSolutionNode = FALSE
	EndGlobalSection
	GlobalSection(ExtensibilityGlobals) = postSolution
		SolutionGuid = {BDFDED5A-6927-4876-A8A5-1E8928A0E826}
	EndGlobalSection
EndGlobal
